// !$*UTF8*$!
{
	archiveVersion = 1;
	classes = {
	};
	objectVersion = 46;
	objects = {

/* Begin PBXBuildFile section */
		3673FF841E232F9100D6EDE5 /* main.m in Sources */ = {isa = PBXBuildFile; fileRef = 3673FF831E232F9100D6EDE5 /* main.m */; };
		3673FF871E232F9100D6EDE5 /* AppDelegate.m in Sources */ = {isa = PBXBuildFile; fileRef = 3673FF861E232F9100D6EDE5 /* AppDelegate.m */; };
		3673FF8A1E232F9100D6EDE5 /* ViewController.m in Sources */ = {isa = PBXBuildFile; fileRef = 3673FF891E232F9100D6EDE5 /* ViewController.m */; };
		3673FF8D1E232F9100D6EDE5 /* Main.storyboard in Resources */ = {isa = PBXBuildFile; fileRef = 3673FF8B1E232F9100D6EDE5 /* Main.storyboard */; };
		3673FF8F1E232F9100D6EDE5 /* Assets.xcassets in Resources */ = {isa = PBXBuildFile; fileRef = 3673FF8E1E232F9100D6EDE5 /* Assets.xcassets */; };
		3673FF921E232F9100D6EDE5 /* LaunchScreen.storyboard in Resources */ = {isa = PBXBuildFile; fileRef = 3673FF901E232F9100D6EDE5 /* LaunchScreen.storyboard */; };
		3673FF9D1E232F9100D6EDE5 /* FFObjectSafeTests.m in Sources */ = {isa = PBXBuildFile; fileRef = 3673FF9C1E232F9100D6EDE5 /* FFObjectSafeTests.m */; };
		3673FFA81E232F9100D6EDE5 /* FFObjectSafeUITests.m in Sources */ = {isa = PBXBuildFile; fileRef = 3673FFA71E232F9100D6EDE5 /* FFObjectSafeUITests.m */; };
		3673FFB71E232FC600D6EDE5 /* FFObjectSafe.m in Sources */ = {isa = PBXBuildFile; fileRef = 3673FFB61E232FC600D6EDE5 /* FFObjectSafe.m */; };
		3673FFBA1E24AE6800D6EDE5 /* FFObject.m in Sources */ = {isa = PBXBuildFile; fileRef = 3673FFB91E24AE6800D6EDE5 /* FFObject.m */; };
/* End PBXBuildFile section */

/* Begin PBXContainerItemProxy section */
		3673FF991E232F9100D6EDE5 /* PBXContainerItemProxy */ = {
			isa = PBXContainerItemProxy;
			containerPortal = 3673FF771E232F9100D6EDE5 /* Project object */;
			proxyType = 1;
			remoteGlobalIDString = 3673FF7E1E232F9100D6EDE5;
			remoteInfo = FFObjectSafe;
		};
		3673FFA41E232F9100D6EDE5 /* PBXContainerItemProxy */ = {
			isa = PBXContainerItemProxy;
			containerPortal = 3673FF771E232F9100D6EDE5 /* Project object */;
			proxyType = 1;
			remoteGlobalIDString = 3673FF7E1E232F9100D6EDE5;
			remoteInfo = FFObjectSafe;
		};
/* End PBXContainerItemProxy section */

/* Begin PBXFileReference section */
		3673FF7F1E232F9100D6EDE5 /* FFObjectSafe.app */ = {isa = PBXFileReference; explicitFileType = wrapper.application; includeInIndex = 0; path = FFObjectSafe.app; sourceTree = BUILT_PRODUCTS_DIR; };
		3673FF831E232F9100D6EDE5 /* main.m */ = {isa = PBXFileReference; lastKnownFileType = sourcecode.c.objc; path = main.m; sourceTree = "<group>"; };
		3673FF851E232F9100D6EDE5 /* AppDelegate.h */ = {isa = PBXFileReference; lastKnownFileType = sourcecode.c.h; path = AppDelegate.h; sourceTree = "<group>"; };
		3673FF861E232F9100D6EDE5 /* AppDelegate.m */ = {isa = PBXFileReference; lastKnownFileType = sourcecode.c.objc; path = AppDelegate.m; sourceTree = "<group>"; };
		3673FF881E232F9100D6EDE5 /* ViewController.h */ = {isa = PBXFileReference; lastKnownFileType = sourcecode.c.h; path = ViewController.h; sourceTree = "<group>"; };
		3673FF891E232F9100D6EDE5 /* ViewController.m */ = {isa = PBXFileReference; lastKnownFileType = sourcecode.c.objc; path = ViewController.m; sourceTree = "<group>"; };
		3673FF8C1E232F9100D6EDE5 /* Base */ = {isa = PBXFileReference; lastKnownFileType = file.storyboard; name = Base; path = Base.lproj/Main.storyboard; sourceTree = "<group>"; };
		3673FF8E1E232F9100D6EDE5 /* Assets.xcassets */ = {isa = PBXFileReference; lastKnownFileType = folder.assetcatalog; path = Assets.xcassets; sourceTree = "<group>"; };
		3673FF911E232F9100D6EDE5 /* Base */ = {isa = PBXFileReference; lastKnownFileType = file.storyboard; name = Base; path = Base.lproj/LaunchScreen.storyboard; sourceTree = "<group>"; };
		3673FF931E232F9100D6EDE5 /* Info.plist */ = {isa = PBXFileReference; lastKnownFileType = text.plist.xml; path = Info.plist; sourceTree = "<group>"; };
		3673FF981E232F9100D6EDE5 /* FFObjectSafeTests.xctest */ = {isa = PBXFileReference; explicitFileType = wrapper.cfbundle; includeInIndex = 0; path = FFObjectSafeTests.xctest; sourceTree = BUILT_PRODUCTS_DIR; };
		3673FF9C1E232F9100D6EDE5 /* FFObjectSafeTests.m */ = {isa = PBXFileReference; lastKnownFileType = sourcecode.c.objc; path = FFObjectSafeTests.m; sourceTree = "<group>"; };
		3673FF9E1E232F9100D6EDE5 /* Info.plist */ = {isa = PBXFileReference; lastKnownFileType = text.plist.xml; path = Info.plist; sourceTree = "<group>"; };
		3673FFA31E232F9100D6EDE5 /* FFObjectSafeUITests.xctest */ = {isa = PBXFileReference; explicitFileType = wrapper.cfbundle; includeInIndex = 0; path = FFObjectSafeUITests.xctest; sourceTree = BUILT_PRODUCTS_DIR; };
		3673FFA71E232F9100D6EDE5 /* FFObjectSafeUITests.m */ = {isa = PBXFileReference; lastKnownFileType = sourcecode.c.objc; path = FFObjectSafeUITests.m; sourceTree = "<group>"; };
		3673FFA91E232F9100D6EDE5 /* Info.plist */ = {isa = PBXFileReference; lastKnownFileType = text.plist.xml; path = Info.plist; sourceTree = "<group>"; };
		3673FFB51E232FC600D6EDE5 /* FFObjectSafe.h */ = {isa = PBXFileReference; fileEncoding = 4; lastKnownFileType = sourcecode.c.h; path = FFObjectSafe.h; sourceTree = "<group>"; };
		3673FFB61E232FC600D6EDE5 /* FFObjectSafe.m */ = {isa = PBXFileReference; fileEncoding = 4; lastKnownFileType = sourcecode.c.objc; path = FFObjectSafe.m; sourceTree = "<group>"; };
		3673FFB81E24AE6800D6EDE5 /* FFObject.h */ = {isa = PBXFileReference; fileEncoding = 4; lastKnownFileType = sourcecode.c.h; path = FFObject.h; sourceTree = "<group>"; };
		3673FFB91E24AE6800D6EDE5 /* FFObject.m */ = {isa = PBXFileReference; fileEncoding = 4; lastKnownFileType = sourcecode.c.objc; path = FFObject.m; sourceTree = "<group>"; };
/* End PBXFileReference section */

/* Begin PBXFrameworksBuildPhase section */
		3673FF7C1E232F9100D6EDE5 /* Frameworks */ = {
			isa = PBXFrameworksBuildPhase;
			buildActionMask = 2147483647;
			files = (
			);
			runOnlyForDeploymentPostprocessing = 0;
		};
		3673FF951E232F9100D6EDE5 /* Frameworks */ = {
			isa = PBXFrameworksBuildPhase;
			buildActionMask = 2147483647;
			files = (
			);
			runOnlyForDeploymentPostprocessing = 0;
		};
		3673FFA01E232F9100D6EDE5 /* Frameworks */ = {
			isa = PBXFrameworksBuildPhase;
			buildActionMask = 2147483647;
			files = (
			);
			runOnlyForDeploymentPostprocessing = 0;
		};
/* End PBXFrameworksBuildPhase section */

/* Begin PBXGroup section */
		3673FF761E232F9100D6EDE5 = {
			isa = PBXGroup;
			children = (
				3673FF811E232F9100D6EDE5 /* FFObjectSafe */,
				3673FF9B1E232F9100D6EDE5 /* FFObjectSafeTests */,
				3673FFA61E232F9100D6EDE5 /* FFObjectSafeUITests */,
				3673FF801E232F9100D6EDE5 /* Products */,
			);
			sourceTree = "<group>";
		};
		3673FF801E232F9100D6EDE5 /* Products */ = {
			isa = PBXGroup;
			children = (
				3673FF7F1E232F9100D6EDE5 /* FFObjectSafe.app */,
				3673FF981E232F9100D6EDE5 /* FFObjectSafeTests.xctest */,
				3673FFA31E232F9100D6EDE5 /* FFObjectSafeUITests.xctest */,
			);
			name = Products;
			sourceTree = "<group>";
		};
		3673FF811E232F9100D6EDE5 /* FFObjectSafe */ = {
			isa = PBXGroup;
			children = (
				3673FFB81E24AE6800D6EDE5 /* FFObject.h */,
				3673FFB91E24AE6800D6EDE5 /* FFObject.m */,
				3673FFB51E232FC600D6EDE5 /* FFObjectSafe.h */,
				3673FFB61E232FC600D6EDE5 /* FFObjectSafe.m */,
				3673FF851E232F9100D6EDE5 /* AppDelegate.h */,
				3673FF861E232F9100D6EDE5 /* AppDelegate.m */,
				3673FF881E232F9100D6EDE5 /* ViewController.h */,
				3673FF891E232F9100D6EDE5 /* ViewController.m */,
				3673FF8B1E232F9100D6EDE5 /* Main.storyboard */,
				3673FF8E1E232F9100D6EDE5 /* Assets.xcassets */,
				3673FF901E232F9100D6EDE5 /* LaunchScreen.storyboard */,
				3673FF931E232F9100D6EDE5 /* Info.plist */,
				3673FF821E232F9100D6EDE5 /* Supporting Files */,
			);
			path = FFObjectSafe;
			sourceTree = "<group>";
		};
		3673FF821E232F9100D6EDE5 /* Supporting Files */ = {
			isa = PBXGroup;
			children = (
				3673FF831E232F9100D6EDE5 /* main.m */,
			);
			name = "Supporting Files";
			sourceTree = "<group>";
		};
		3673FF9B1E232F9100D6EDE5 /* FFObjectSafeTests */ = {
			isa = PBXGroup;
			children = (
				3673FF9C1E232F9100D6EDE5 /* FFObjectSafeTests.m */,
				3673FF9E1E232F9100D6EDE5 /* Info.plist */,
			);
			path = FFObjectSafeTests;
			sourceTree = "<group>";
		};
		3673FFA61E232F9100D6EDE5 /* FFObjectSafeUITests */ = {
			isa = PBXGroup;
			children = (
				3673FFA71E232F9100D6EDE5 /* FFObjectSafeUITests.m */,
				3673FFA91E232F9100D6EDE5 /* Info.plist */,
			);
			path = FFObjectSafeUITests;
			sourceTree = "<group>";
		};
/* End PBXGroup section */

/* Begin PBXNativeTarget section */
		3673FF7E1E232F9100D6EDE5 /* FFObjectSafe */ = {
			isa = PBXNativeTarget;
			buildConfigurationList = 3673FFAC1E232F9100D6EDE5 /* Build configuration list for PBXNativeTarget "FFObjectSafe" */;
			buildPhases = (
				3673FF7B1E232F9100D6EDE5 /* Sources */,
				3673FF7C1E232F9100D6EDE5 /* Frameworks */,
				3673FF7D1E232F9100D6EDE5 /* Resources */,
			);
			buildRules = (
			);
			dependencies = (
			);
			name = FFObjectSafe;
			productName = FFObjectSafe;
			productReference = 3673FF7F1E232F9100D6EDE5 /* FFObjectSafe.app */;
			productType = "com.apple.product-type.application";
		};
		3673FF971E232F9100D6EDE5 /* FFObjectSafeTests */ = {
			isa = PBXNativeTarget;
			buildConfigurationList = 3673FFAF1E232F9100D6EDE5 /* Build configuration list for PBXNativeTarget "FFObjectSafeTests" */;
			buildPhases = (
				3673FF941E232F9100D6EDE5 /* Sources */,
				3673FF951E232F9100D6EDE5 /* Frameworks */,
				3673FF961E232F9100D6EDE5 /* Resources */,
			);
			buildRules = (
			);
			dependencies = (
				3673FF9A1E232F9100D6EDE5 /* PBXTargetDependency */,
			);
			name = FFObjectSafeTests;
			productName = FFObjectSafeTests;
			productReference = 3673FF981E232F9100D6EDE5 /* FFObjectSafeTests.xctest */;
			productType = "com.apple.product-type.bundle.unit-test";
		};
		3673FFA21E232F9100D6EDE5 /* FFObjectSafeUITests */ = {
			isa = PBXNativeTarget;
			buildConfigurationList = 3673FFB21E232F9100D6EDE5 /* Build configuration list for PBXNativeTarget "FFObjectSafeUITests" */;
			buildPhases = (
				3673FF9F1E232F9100D6EDE5 /* Sources */,
				3673FFA01E232F9100D6EDE5 /* Frameworks */,
				3673FFA11E232F9100D6EDE5 /* Resources */,
			);
			buildRules = (
			);
			dependencies = (
				3673FFA51E232F9100D6EDE5 /* PBXTargetDependency */,
			);
			name = FFObjectSafeUITests;
			productName = FFObjectSafeUITests;
			productReference = 3673FFA31E232F9100D6EDE5 /* FFObjectSafeUITests.xctest */;
			productType = "com.apple.product-type.bundle.ui-testing";
		};
/* End PBXNativeTarget section */

/* Begin PBXProject section */
		3673FF771E232F9100D6EDE5 /* Project object */ = {
			isa = PBXProject;
			attributes = {
				LastUpgradeCheck = 0820;
				ORGANIZATIONNAME = bj.zly.com;
				TargetAttributes = {
					3673FF7E1E232F9100D6EDE5 = {
						CreatedOnToolsVersion = 8.2.1;
						ProvisioningStyle = Automatic;
					};
					3673FF971E232F9100D6EDE5 = {
						CreatedOnToolsVersion = 8.2.1;
						ProvisioningStyle = Automatic;
						TestTargetID = 3673FF7E1E232F9100D6EDE5;
					};
					3673FFA21E232F9100D6EDE5 = {
						CreatedOnToolsVersion = 8.2.1;
						ProvisioningStyle = Automatic;
						TestTargetID = 3673FF7E1E232F9100D6EDE5;
					};
				};
			};
			buildConfigurationList = 3673FF7A1E232F9100D6EDE5 /* Build configuration list for PBXProject "FFObjectSafe" */;
			compatibilityVersion = "Xcode 3.2";
			developmentRegion = English;
			hasScannedForEncodings = 0;
			knownRegions = (
				en,
				Base,
			);
			mainGroup = 3673FF761E232F9100D6EDE5;
			productRefGroup = 3673FF801E232F9100D6EDE5 /* Products */;
			projectDirPath = "";
			projectRoot = "";
			targets = (
				3673FF7E1E232F9100D6EDE5 /* FFObjectSafe */,
				3673FF971E232F9100D6EDE5 /* FFObjectSafeTests */,
				3673FFA21E232F9100D6EDE5 /* FFObjectSafeUITests */,
			);
		};
/* End PBXProject section */

/* Begin PBXResourcesBuildPhase section */
		3673FF7D1E232F9100D6EDE5 /* Resources */ = {
			isa = PBXResourcesBuildPhase;
			buildActionMask = 2147483647;
			files = (
				3673FF921E232F9100D6EDE5 /* LaunchScreen.storyboard in Resources */,
				3673FF8F1E232F9100D6EDE5 /* Assets.xcassets in Resources */,
				3673FF8D1E232F9100D6EDE5 /* Main.storyboard in Resources */,
			);
			runOnlyForDeploymentPostprocessing = 0;
		};
		3673FF961E232F9100D6EDE5 /* Resources */ = {
			isa = PBXResourcesBuildPhase;
			buildActionMask = 2147483647;
			files = (
			);
			runOnlyForDeploymentPostprocessing = 0;
		};
		3673FFA11E232F9100D6EDE5 /* Resources */ = {
			isa = PBXResourcesBuildPhase;
			buildActionMask = 2147483647;
			files = (
			);
			runOnlyForDeploymentPostprocessing = 0;
		};
/* End PBXResourcesBuildPhase section */

/* Begin PBXSourcesBuildPhase section */
		3673FF7B1E232F9100D6EDE5 /* Sources */ = {
			isa = PBXSourcesBuildPhase;
			buildActionMask = 2147483647;
			files = (
				3673FFBA1E24AE6800D6EDE5 /* FFObject.m in Sources */,
				3673FF8A1E232F9100D6EDE5 /* ViewController.m in Sources */,
				3673FF871E232F9100D6EDE5 /* AppDelegate.m in Sources */,
				3673FF841E232F9100D6EDE5 /* main.m in Sources */,
				3673FFB71E232FC600D6EDE5 /* FFObjectSafe.m in Sources */,
			);
			runOnlyForDeploymentPostprocessing = 0;
		};
		3673FF941E232F9100D6EDE5 /* Sources */ = {
			isa = PBXSourcesBuildPhase;
			buildActionMask = 2147483647;
			files = (
				3673FF9D1E232F9100D6EDE5 /* FFObjectSafeTests.m in Sources */,
			);
			runOnlyForDeploymentPostprocessing = 0;
		};
		3673FF9F1E232F9100D6EDE5 /* Sources */ = {
			isa = PBXSourcesBuildPhase;
			buildActionMask = 2147483647;
			files = (
				3673FFA81E232F9100D6EDE5 /* FFObjectSafeUITests.m in Sources */,
			);
			runOnlyForDeploymentPostprocessing = 0;
		};
/* End PBXSourcesBuildPhase section */

/* Begin PBXTargetDependency section */
		3673FF9A1E232F9100D6EDE5 /* PBXTargetDependency */ = {
			isa = PBXTargetDependency;
			target = 3673FF7E1E232F9100D6EDE5 /* FFObjectSafe */;
			targetProxy = 3673FF991E232F9100D6EDE5 /* PBXContainerItemProxy */;
		};
		3673FFA51E232F9100D6EDE5 /* PBXTargetDependency */ = {
			isa = PBXTargetDependency;
			target = 3673FF7E1E232F9100D6EDE5 /* FFObjectSafe */;
			targetProxy = 3673FFA41E232F9100D6EDE5 /* PBXContainerItemProxy */;
		};
/* End PBXTargetDependency section */

/* Begin PBXVariantGroup section */
		3673FF8B1E232F9100D6EDE5 /* Main.storyboard */ = {
			isa = PBXVariantGroup;
			children = (
				3673FF8C1E232F9100D6EDE5 /* Base */,
			);
			name = Main.storyboard;
			sourceTree = "<group>";
		};
		3673FF901E232F9100D6EDE5 /* LaunchScreen.storyboard */ = {
			isa = PBXVariantGroup;
			children = (
				3673FF911E232F9100D6EDE5 /* Base */,
			);
			name = LaunchScreen.storyboard;
			sourceTree = "<group>";
		};
/* End PBXVariantGroup section */

/* Begin XCBuildConfiguration section */
		3673FFAA1E232F9100D6EDE5 /* Debug */ = {
			isa = XCBuildConfiguration;
			buildSettings = {
				ALWAYS_SEARCH_USER_PATHS = NO;
				CLANG_ANALYZER_NONNULL = YES;
				CLANG_CXX_LANGUAGE_STANDARD = "gnu++0x";
				CLANG_CXX_LIBRARY = "libc++";
				CLANG_ENABLE_MODULES = YES;
				CLANG_ENABLE_OBJC_ARC = YES;
				CLANG_WARN_BOOL_CONVERSION = YES;
				CLANG_WARN_CONSTANT_CONVERSION = YES;
				CLANG_WARN_DIRECT_OBJC_ISA_USAGE = YES_ERROR;
				CLANG_WARN_DOCUMENTATION_COMMENTS = YES;
				CLANG_WARN_EMPTY_BODY = YES;
				CLANG_WARN_ENUM_CONVERSION = YES;
				CLANG_WARN_INFINITE_RECURSION = YES;
				CLANG_WARN_INT_CONVERSION = YES;
				CLANG_WARN_OBJC_ROOT_CLASS = YES_ERROR;
				CLANG_WARN_SUSPICIOUS_MOVE = YES;
				CLANG_WARN_UNREACHABLE_CODE = YES;
				CLANG_WARN__DUPLICATE_METHOD_MATCH = YES;
				"CODE_SIGN_IDENTITY[sdk=iphoneos*]" = "iPhone Developer";
				COPY_PHASE_STRIP = NO;
				DEBUG_INFORMATION_FORMAT = dwarf;
				ENABLE_STRICT_OBJC_MSGSEND = YES;
				ENABLE_TESTABILITY = YES;
				GCC_C_LANGUAGE_STANDARD = gnu99;
				GCC_DYNAMIC_NO_PIC = NO;
				GCC_NO_COMMON_BLOCKS = YES;
				GCC_OPTIMIZATION_LEVEL = 0;
				GCC_PREPROCESSOR_DEFINITIONS = (
					"DEBUG=1",
					"$(inherited)",
				);
				GCC_WARN_64_TO_32_BIT_CONVERSION = YES;
				GCC_WARN_ABOUT_RETURN_TYPE = YES_ERROR;
				GCC_WARN_UNDECLARED_SELECTOR = YES;
				GCC_WARN_UNINITIALIZED_AUTOS = YES_AGGRESSIVE;
				GCC_WARN_UNUSED_FUNCTION = YES;
				GCC_WARN_UNUSED_VARIABLE = YES;
				IPHONEOS_DEPLOYMENT_TARGET = 10.2;
				MTL_ENABLE_DEBUG_INFO = YES;
				ONLY_ACTIVE_ARCH = YES;
				SDKROOT = iphoneos;
			};
			name = Debug;
		};
		3673FFAB1E232F9100D6EDE5 /* Release */ = {
			isa = XCBuildConfiguration;
			buildSettings = {
				ALWAYS_SEARCH_USER_PATHS = NO;
				CLANG_ANALYZER_NONNULL = YES;
				CLANG_CXX_LANGUAGE_STANDARD = "gnu++0x";
				CLANG_CXX_LIBRARY = "libc++";
				CLANG_ENABLE_MODULES = YES;
				CLANG_ENABLE_OBJC_ARC = YES;
				CLANG_WARN_BOOL_CONVERSION = YES;
				CLANG_WARN_CONSTANT_CONVERSION = YES;
				CLANG_WARN_DIRECT_OBJC_ISA_USAGE = YES_ERROR;
				CLANG_WARN_DOCUMENTATION_COMMENTS = YES;
				CLANG_WARN_EMPTY_BODY = YES;
				CLANG_WARN_ENUM_CONVERSION = YES;
				CLANG_WARN_INFINITE_RECURSION = YES;
				CLANG_WARN_INT_CONVERSION = YES;
				CLANG_WARN_OBJC_ROOT_CLASS = YES_ERROR;
				CLANG_WARN_SUSPICIOUS_MOVE = YES;
				CLANG_WARN_UNREACHABLE_CODE = YES;
				CLANG_WARN__DUPLICATE_METHOD_MATCH = YES;
				"CODE_SIGN_IDENTITY[sdk=iphoneos*]" = "iPhone Developer";
				COPY_PHASE_STRIP = NO;
				DEBUG_INFORMATION_FORMAT = "dwarf-with-dsym";
				ENABLE_NS_ASSERTIONS = NO;
				ENABLE_STRICT_OBJC_MSGSEND = YES;
				GCC_C_LANGUAGE_STANDARD = gnu99;
				GCC_NO_COMMON_BLOCKS = YES;
				GCC_WARN_64_TO_32_BIT_CONVERSION = YES;
				GCC_WARN_ABOUT_RETURN_TYPE = YES_ERROR;
				GCC_WARN_UNDECLARED_SELECTOR = YES;
				GCC_WARN_UNINITIALIZED_AUTOS = YES_AGGRESSIVE;
				GCC_WARN_UNUSED_FUNCTION = YES;
				GCC_WARN_UNUSED_VARIABLE = YES;
				IPHONEOS_DEPLOYMENT_TARGET = 10.2;
				MTL_ENABLE_DEBUG_INFO = NO;
				SDKROOT = iphoneos;
				VALIDATE_PRODUCT = YES;
			};
			name = Release;
		};
		3673FFAD1E232F9100D6EDE5 /* Debug */ = {
			isa = XCBuildConfiguration;
			buildSettings = {
				ASSETCATALOG_COMPILER_APPICON_NAME = AppIcon;
				INFOPLIST_FILE = FFObjectSafe/Info.plist;
				IPHONEOS_DEPLOYMENT_TARGET = 8.0;
				LD_RUNPATH_SEARCH_PATHS = "$(inherited) @executable_path/Frameworks";
				PRODUCT_BUNDLE_IDENTIFIER = com.zly.FFObjectSafe;
				PRODUCT_NAME = "$(TARGET_NAME)";
			};
			name = Debug;
		};
		3673FFAE1E232F9100D6EDE5 /* Release */ = {
			isa = XCBuildConfiguration;
			buildSettings = {
				ASSETCATALOG_COMPILER_APPICON_NAME = AppIcon;
				INFOPLIST_FILE = FFObjectSafe/Info.plist;
				IPHONEOS_DEPLOYMENT_TARGET = 8.0;
				LD_RUNPATH_SEARCH_PATHS = "$(inherited) @executable_path/Frameworks";
				PRODUCT_BUNDLE_IDENTIFIER = com.zly.FFObjectSafe;
				PRODUCT_NAME = "$(TARGET_NAME)";
			};
			name = Release;
		};
		3673FFB01E232F9100D6EDE5 /* Debug */ = {
			isa = XCBuildConfiguration;
			buildSettings = {
				BUNDLE_LOADER = "$(TEST_HOST)";
				INFOPLIST_FILE = FFObjectSafeTests/Info.plist;
				LD_RUNPATH_SEARCH_PATHS = "$(inherited) @executable_path/Frameworks @loader_path/Frameworks";
				PRODUCT_BUNDLE_IDENTIFIER = com.zly.FFObjectSafeTests;
				PRODUCT_NAME = "$(TARGET_NAME)";
				TEST_HOST = "$(BUILT_PRODUCTS_DIR)/FFObjectSafe.app/FFObjectSafe";
			};
			name = Debug;
		};
		3673FFB11E232F9100D6EDE5 /* Release */ = {
			isa = XCBuildConfiguration;
			buildSettings = {
				BUNDLE_LOADER = "$(TEST_HOST)";
				INFOPLIST_FILE = FFObjectSafeTests/Info.plist;
				LD_RUNPATH_SEARCH_PATHS = "$(inherited) @executable_path/Frameworks @loader_path/Frameworks";
				PRODUCT_BUNDLE_IDENTIFIER = com.zly.FFObjectSafeTests;
				PRODUCT_NAME = "$(TARGET_NAME)";
				TEST_HOST = "$(BUILT_PRODUCTS_DIR)/FFObjectSafe.app/FFObjectSafe";
			};
			name = Release;
		};
		3673FFB31E232F9100D6EDE5 /* Debug */ = {
			isa = XCBuildConfiguration;
			buildSettings = {
				INFOPLIST_FILE = FFObjectSafeUITests/Info.plist;
				LD_RUNPATH_SEARCH_PATHS = "$(inherited) @executable_path/Frameworks @loader_path/Frameworks";
				PRODUCT_BUNDLE_IDENTIFIER = com.zly.FFObjectSafeUITests;
				PRODUCT_NAME = "$(TARGET_NAME)";
				TEST_TARGET_NAME = FFObjectSafe;
			};
			name = Debug;
		};
		3673FFB41E232F9100D6EDE5 /* Release */ = {
			isa = XCBuildConfiguration;
			buildSettings = {
				INFOPLIST_FILE = FFObjectSafeUITests/Info.plist;
				LD_RUNPATH_SEARCH_PATHS = "$(inherited) @executable_path/Frameworks @loader_path/Frameworks";
				PRODUCT_BUNDLE_IDENTIFIER = com.zly.FFObjectSafeUITests;
				PRODUCT_NAME = "$(TARGET_NAME)";
				TEST_TARGET_NAME = FFObjectSafe;
			};
			name = Release;
		};
/* End XCBuildConfiguration section */

/* Begin XCConfigurationList section */
		3673FF7A1E232F9100D6EDE5 /* Build configuration list for PBXProject "FFObjectSafe" */ = {
			isa = XCConfigurationList;
			buildConfigurations = (
				3673FFAA1E232F9100D6EDE5 /* Debug */,
				3673FFAB1E232F9100D6EDE5 /* Release */,
			);
			defaultConfigurationIsVisible = 0;
			defaultConfigurationName = Release;
		};
		3673FFAC1E232F9100D6EDE5 /* Build configuration list for PBXNativeTarget "FFObjectSafe" */ = {
			isa = XCConfigurationList;
			buildConfigurations = (
				3673FFAD1E232F9100D6EDE5 /* Debug */,
				3673FFAE1E232F9100D6EDE5 /* Release */,
			);
			defaultConfigurationIsVisible = 0;
			defaultConfigurationName = Release;
		};
		3673FFAF1E232F9100D6EDE5 /* Build configuration list for PBXNativeTarget "FFObjectSafeTests" */ = {
			isa = XCConfigurationList;
			buildConfigurations = (
				3673FFB01E232F9100D6EDE5 /* Debug */,
				3673FFB11E232F9100D6EDE5 /* Release */,
			);
			defaultConfigurationIsVisible = 0;
			defaultConfigurationName = Release;
		};
		3673FFB21E232F9100D6EDE5 /* Build configuration list for PBXNativeTarget "FFObjectSafeUITests" */ = {
			isa = XCConfigurationList;
			buildConfigurations = (
				3673FFB31E232F9100D6EDE5 /* Debug */,
				3673FFB41E232F9100D6EDE5 /* Release */,
			);
			defaultConfigurationIsVisible = 0;
			defaultConfigurationName = Release;
		};
/* End XCConfigurationList section */
	};
	rootObject = 3673FF771E232F9100D6EDE5 /* Project object */;
}
